[root]
name = "mimic"
version = "0.0.1"
dependencies = [
 "jni 0.0.1 (git+https://github.com/GravityScore/jni-rs)",
 "terminal 0.0.1 (git+https://github.com/GravityScore/Terminal)",
]

[[package]]
name = "gcc"
version = "0.1.3"
source = "git+https://github.com/alexcrichton/gcc-rs#4a8a514c8bddcbcfb02bcae456dc029971a22e3e"

[[package]]
name = "gl"
version = "0.0.5"
source = "registry+https://github.com/rust-lang/crates.io-index"
dependencies = [
 "gl_common 0.0.3 (registry+https://github.com/rust-lang/crates.io-index)",
 "gl_generator 0.0.9 (registry+https://github.com/rust-lang/crates.io-index)",
]

[[package]]
name = "gl_common"
version = "0.0.3"
source = "registry+https://github.com/rust-lang/crates.io-index"

[[package]]
name = "gl_generator"
version = "0.0.9"
source = "registry+https://github.com/rust-lang/crates.io-index"
dependencies = [
 "gl_common 0.0.3 (registry+https://github.com/rust-lang/crates.io-index)",
 "khronos_api 0.0.4 (registry+https://github.com/rust-lang/crates.io-index)",
 "log 0.1.7 (registry+https://github.com/rust-lang/crates.io-index)",
 "xml-rs 0.1.9 (registry+https://github.com/rust-lang/crates.io-index)",
]

[[package]]
name = "glfw"
version = "0.0.1"
source = "git+https://github.com/bjz/glfw-rs#70cfa0d3e5216f885b535afac98f590d99e76c02"
dependencies = [
 "glfw-sys 3.0.4 (git+https://github.com/servo/glfw?branch=cargo-3.0.4)",
 "log 0.1.7 (registry+https://github.com/rust-lang/crates.io-index)",
 "semver 0.1.9 (registry+https://github.com/rust-lang/crates.io-index)",
]

[[package]]
name = "glfw-sys"
version = "3.0.4"
source = "git+https://github.com/servo/glfw?branch=cargo-3.0.4#765dace7e4125b87c764f5ac0e7a80eae5c550b2"

[[package]]
name = "image"
version = "0.2.0-alpha.4"
source = "git+https://github.com/PistonDevelopers/image#f3db61a24be5a553380a655296df9fb55a92aa4c"
dependencies = [
 "num 0.1.5 (git+https://github.com/rust-lang/num)",
]

[[package]]
name = "jni"
version = "0.0.1"
source = "git+https://github.com/GravityScore/jni-rs#050e081d056a9e881e69fae1d67ac5152fc95e29"
dependencies = [
 "gcc 0.1.3 (git+https://github.com/alexcrichton/gcc-rs)",
]

[[package]]
name = "khronos_api"
version = "0.0.4"
source = "registry+https://github.com/rust-lang/crates.io-index"

[[package]]
name = "log"
version = "0.1.7"
source = "registry+https://github.com/rust-lang/crates.io-index"
dependencies = [
 "regex 0.1.8 (registry+https://github.com/rust-lang/crates.io-index)",
]

[[package]]
name = "num"
version = "0.1.5"
source = "git+https://github.com/rust-lang/num#431dd18aff182b04050122cba0604c6ad9a19446"
dependencies = [
 "rustc-serialize 0.2.4 (registry+https://github.com/rust-lang/crates.io-index)",
]

[[package]]
name = "regex"
version = "0.1.8"
source = "registry+https://github.com/rust-lang/crates.io-index"

[[package]]
name = "rustc-serialize"
version = "0.2.4"
source = "registry+https://github.com/rust-lang/crates.io-index"

[[package]]
name = "semver"
version = "0.1.9"
source = "registry+https://github.com/rust-lang/crates.io-index"

[[package]]
name = "terminal"
version = "0.0.1"
source = "git+https://github.com/GravityScore/Terminal#d73d73c23e438c41e2a3fce108227b603bf7cac3"
dependencies = [
 "gl 0.0.5 (registry+https://github.com/rust-lang/crates.io-index)",
 "glfw 0.0.1 (git+https://github.com/bjz/glfw-rs)",
 "image 0.2.0-alpha.4 (git+https://github.com/PistonDevelopers/image)",
]

[[package]]
name = "xml-rs"
version = "0.1.9"
source = "registry+https://github.com/rust-lang/crates.io-index"

