[root]
name = "mimic"
version = "0.0.1"
dependencies = [
 "jni 0.0.1 (git+https://github.com/GravityScore/jni-rs)",
 "terminal 0.0.1 (git+https://github.com/GravityScore/Terminal)",
]

[[package]]
name = "gcc"
version = "0.1.2"
source = "git+https://github.com/alexcrichton/gcc-rs#63c78c7efe9e916bcf3b2956d12e10cfa18e0682"

[[package]]
name = "gl"
version = "0.0.3"
source = "registry+https://github.com/rust-lang/crates.io-index"
dependencies = [
 "gl_common 0.0.3 (registry+https://github.com/rust-lang/crates.io-index)",
 "gl_generator 0.0.5 (registry+https://github.com/rust-lang/crates.io-index)",
]

[[package]]
name = "gl_common"
version = "0.0.3"
source = "registry+https://github.com/rust-lang/crates.io-index"

[[package]]
name = "gl_generator"
version = "0.0.5"
source = "registry+https://github.com/rust-lang/crates.io-index"
dependencies = [
 "gl_common 0.0.3 (registry+https://github.com/rust-lang/crates.io-index)",
 "khronos_api 0.0.4 (registry+https://github.com/rust-lang/crates.io-index)",
 "log 0.1.5 (registry+https://github.com/rust-lang/crates.io-index)",
 "xml-rs 0.1.6 (registry+https://github.com/rust-lang/crates.io-index)",
]

[[package]]
name = "glfw"
version = "0.0.1"
source = "git+https://github.com/bjz/glfw-rs#746dcc5dfa4c5e0a5a5dc65d034e16eec2562d99"
dependencies = [
 "glfw-sys 3.0.4 (git+https://github.com/servo/glfw?branch=cargo-3.0.4)",
 "log 0.1.5 (registry+https://github.com/rust-lang/crates.io-index)",
 "semver 0.1.7 (registry+https://github.com/rust-lang/crates.io-index)",
]

[[package]]
name = "glfw-sys"
version = "3.0.4"
source = "git+https://github.com/servo/glfw?branch=cargo-3.0.4#765dace7e4125b87c764f5ac0e7a80eae5c550b2"

[[package]]
name = "image"
version = "0.2.0-alpha.4"
source = "git+https://github.com/PistonDevelopers/image#4474555343fbe1bceaef8617c76e0f62ea122200"
dependencies = [
 "num 0.1.3 (git+https://github.com/rust-lang/num)",
]

[[package]]
name = "jni"
version = "0.0.1"
source = "git+https://github.com/GravityScore/jni-rs#1f51d52f2dbf9a9da61bfe49c54f4c5aa9ca1bcf"
dependencies = [
 "gcc 0.1.2 (git+https://github.com/alexcrichton/gcc-rs)",
]

[[package]]
name = "khronos_api"
version = "0.0.4"
source = "registry+https://github.com/rust-lang/crates.io-index"

[[package]]
name = "log"
version = "0.1.5"
source = "registry+https://github.com/rust-lang/crates.io-index"
dependencies = [
 "regex 0.1.4 (registry+https://github.com/rust-lang/crates.io-index)",
]

[[package]]
name = "num"
version = "0.1.3"
source = "git+https://github.com/rust-lang/num#82d44da2d7e75d4325a4687e8225bf91e0523505"
dependencies = [
 "rustc-serialize 0.1.5 (registry+https://github.com/rust-lang/crates.io-index)",
]

[[package]]
name = "regex"
version = "0.1.4"
source = "registry+https://github.com/rust-lang/crates.io-index"

[[package]]
name = "rustc-serialize"
version = "0.1.5"
source = "registry+https://github.com/rust-lang/crates.io-index"

[[package]]
name = "semver"
version = "0.1.7"
source = "registry+https://github.com/rust-lang/crates.io-index"

[[package]]
name = "terminal"
version = "0.0.1"
source = "git+https://github.com/GravityScore/Terminal#2ed4a4fd6365bca163312abc92659006c96ca43c"
dependencies = [
 "gl 0.0.3 (registry+https://github.com/rust-lang/crates.io-index)",
 "glfw 0.0.1 (git+https://github.com/bjz/glfw-rs)",
 "image 0.2.0-alpha.4 (git+https://github.com/PistonDevelopers/image)",
]

[[package]]
name = "xml-rs"
version = "0.1.6"
source = "registry+https://github.com/rust-lang/crates.io-index"

